// !$*UTF8*$!
{
	archiveVersion = 1;
	classes = {
	};
	objectVersion = 56;
	objects = {

/* Begin PBXBuildFile section */
		188555492A76BEC4003D3F52 /* AppDelegate.swift in Sources */ = {isa = PBXBuildFile; fileRef = 188555482A76BEC4003D3F52 /* AppDelegate.swift */; };
		1885554B2A76BEC4003D3F52 /* SceneDelegate.swift in Sources */ = {isa = PBXBuildFile; fileRef = 1885554A2A76BEC4003D3F52 /* SceneDelegate.swift */; };
		1885554D2A76BEC4003D3F52 /* ViewController.swift in Sources */ = {isa = PBXBuildFile; fileRef = 1885554C2A76BEC4003D3F52 /* ViewController.swift */; };
		188555502A76BEC4003D3F52 /* Main.storyboard in Resources */ = {isa = PBXBuildFile; fileRef = 1885554E2A76BEC4003D3F52 /* Main.storyboard */; };
		188555522A76BEC5003D3F52 /* Assets.xcassets in Resources */ = {isa = PBXBuildFile; fileRef = 188555512A76BEC5003D3F52 /* Assets.xcassets */; };
		188555552A76BEC5003D3F52 /* LaunchScreen.storyboard in Resources */ = {isa = PBXBuildFile; fileRef = 188555532A76BEC5003D3F52 /* LaunchScreen.storyboard */; };
		188555602A76BEC5003D3F52 /* RandomImageTests.swift in Sources */ = {isa = PBXBuildFile; fileRef = 1885555F2A76BEC5003D3F52 /* RandomImageTests.swift */; };
		1885556A2A76BEC5003D3F52 /* RandomImageUITests.swift in Sources */ = {isa = PBXBuildFile; fileRef = 188555692A76BEC5003D3F52 /* RandomImageUITests.swift */; };
		1885556C2A76BEC5003D3F52 /* RandomImageUITestsLaunchTests.swift in Sources */ = {isa = PBXBuildFile; fileRef = 1885556B2A76BEC5003D3F52 /* RandomImageUITestsLaunchTests.swift */; };
/* End PBXBuildFile section */

/* Begin PBXContainerItemProxy section */
		1885555C2A76BEC5003D3F52 /* PBXContainerItemProxy */ = {
			isa = PBXContainerItemProxy;
			containerPortal = 1885553D2A76BEC3003D3F52 /* Project object */;
			proxyType = 1;
			remoteGlobalIDString = 188555442A76BEC4003D3F52;
			remoteInfo = RandomImage;
		};
		188555662A76BEC5003D3F52 /* PBXContainerItemProxy */ = {
			isa = PBXContainerItemProxy;
			containerPortal = 1885553D2A76BEC3003D3F52 /* Project object */;
			proxyType = 1;
			remoteGlobalIDString = 188555442A76BEC4003D3F52;
			remoteInfo = RandomImage;
		};
/* End PBXContainerItemProxy section */

/* Begin PBXFileReference section */
		188555452A76BEC4003D3F52 /* RandomImage.app */ = {isa = PBXFileReference; explicitFileType = wrapper.application; includeInIndex = 0; path = RandomImage.app; sourceTree = BUILT_PRODUCTS_DIR; };
		188555482A76BEC4003D3F52 /* AppDelegate.swift */ = {isa = PBXFileReference; lastKnownFileType = sourcecode.swift; path = AppDelegate.swift; sourceTree = "<group>"; };
		1885554A2A76BEC4003D3F52 /* SceneDelegate.swift */ = {isa = PBXFileReference; lastKnownFileType = sourcecode.swift; path = SceneDelegate.swift; sourceTree = "<group>"; };
		1885554C2A76BEC4003D3F52 /* ViewController.swift */ = {isa = PBXFileReference; lastKnownFileType = sourcecode.swift; path = ViewController.swift; sourceTree = "<group>"; };
		1885554F2A76BEC4003D3F52 /* Base */ = {isa = PBXFileReference; lastKnownFileType = file.storyboard; name = Base; path = Base.lproj/Main.storyboard; sourceTree = "<group>"; };
		188555512A76BEC5003D3F52 /* Assets.xcassets */ = {isa = PBXFileReference; lastKnownFileType = folder.assetcatalog; path = Assets.xcassets; sourceTree = "<group>"; };
		188555542A76BEC5003D3F52 /* Base */ = {isa = PBXFileReference; lastKnownFileType = file.storyboard; name = Base; path = Base.lproj/LaunchScreen.storyboard; sourceTree = "<group>"; };
		188555562A76BEC5003D3F52 /* Info.plist */ = {isa = PBXFileReference; lastKnownFileType = text.plist.xml; path = Info.plist; sourceTree = "<group>"; };
		1885555B2A76BEC5003D3F52 /* RandomImageTests.xctest */ = {isa = PBXFileReference; explicitFileType = wrapper.cfbundle; includeInIndex = 0; path = RandomImageTests.xctest; sourceTree = BUILT_PRODUCTS_DIR; };
		1885555F2A76BEC5003D3F52 /* RandomImageTests.swift */ = {isa = PBXFileReference; lastKnownFileType = sourcecode.swift; path = RandomImageTests.swift; sourceTree = "<group>"; };
		188555652A76BEC5003D3F52 /* RandomImageUITests.xctest */ = {isa = PBXFileReference; explicitFileType = wrapper.cfbundle; includeInIndex = 0; path = RandomImageUITests.xctest; sourceTree = BUILT_PRODUCTS_DIR; };
		188555692A76BEC5003D3F52 /* RandomImageUITests.swift */ = {isa = PBXFileReference; lastKnownFileType = sourcecode.swift; path = RandomImageUITests.swift; sourceTree = "<group>"; };
		1885556B2A76BEC5003D3F52 /* RandomImageUITestsLaunchTests.swift */ = {isa = PBXFileReference; lastKnownFileType = sourcecode.swift; path = RandomImageUITestsLaunchTests.swift; sourceTree = "<group>"; };
		188555782A76CC0F003D3F52 /* .gitignore.md */ = {isa = PBXFileReference; lastKnownFileType = net.daringfireball.markdown; path = .gitignore.md; sourceTree = "<group>"; };
/* End PBXFileReference section */

/* Begin PBXFrameworksBuildPhase section */
		188555422A76BEC4003D3F52 /* Frameworks */ = {
			isa = PBXFrameworksBuildPhase;
			buildActionMask = 2147483647;
			files = (
			);
			runOnlyForDeploymentPostprocessing = 0;
		};
		188555582A76BEC5003D3F52 /* Frameworks */ = {
			isa = PBXFrameworksBuildPhase;
			buildActionMask = 2147483647;
			files = (
			);
			runOnlyForDeploymentPostprocessing = 0;
		};
		188555622A76BEC5003D3F52 /* Frameworks */ = {
			isa = PBXFrameworksBuildPhase;
			buildActionMask = 2147483647;
			files = (
			);
			runOnlyForDeploymentPostprocessing = 0;
		};
/* End PBXFrameworksBuildPhase section */

/* Begin PBXGroup section */
		1885553C2A76BEC3003D3F52 = {
			isa = PBXGroup;
			children = (
				188555782A76CC0F003D3F52 /* .gitignore.md */,
				188555472A76BEC4003D3F52 /* RandomImage */,
				1885555E2A76BEC5003D3F52 /* RandomImageTests */,
				188555682A76BEC5003D3F52 /* RandomImageUITests */,
				188555462A76BEC4003D3F52 /* Products */,
			);
			sourceTree = "<group>";
		};
		188555462A76BEC4003D3F52 /* Products */ = {
			isa = PBXGroup;
			children = (
				188555452A76BEC4003D3F52 /* RandomImage.app */,
				1885555B2A76BEC5003D3F52 /* RandomImageTests.xctest */,
				188555652A76BEC5003D3F52 /* RandomImageUITests.xctest */,
			);
			name = Products;
			sourceTree = "<group>";
		};
		188555472A76BEC4003D3F52 /* RandomImage */ = {
			isa = PBXGroup;
			children = (
				188555482A76BEC4003D3F52 /* AppDelegate.swift */,
				1885554A2A76BEC4003D3F52 /* SceneDelegate.swift */,
				1885554C2A76BEC4003D3F52 /* ViewController.swift */,
				1885554E2A76BEC4003D3F52 /* Main.storyboard */,
				188555512A76BEC5003D3F52 /* Assets.xcassets */,
				188555532A76BEC5003D3F52 /* LaunchScreen.storyboard */,
				188555562A76BEC5003D3F52 /* Info.plist */,
			);
			path = RandomImage;
			sourceTree = "<group>";
		};
		1885555E2A76BEC5003D3F52 /* RandomImageTests */ = {
			isa = PBXGroup;
			children = (
				1885555F2A76BEC5003D3F52 /* RandomImageTests.swift */,
			);
			path = RandomImageTests;
			sourceTree = "<group>";
		};
		188555682A76BEC5003D3F52 /* RandomImageUITests */ = {
			isa = PBXGroup;
			children = (
				188555692A76BEC5003D3F52 /* RandomImageUITests.swift */,
				1885556B2A76BEC5003D3F52 /* RandomImageUITestsLaunchTests.swift */,
			);
			path = RandomImageUITests;
			sourceTree = "<group>";
		};
/* End PBXGroup section */

/* Begin PBXNativeTarget section */
		188555442A76BEC4003D3F52 /* RandomImage */ = {
			isa = PBXNativeTarget;
			buildConfigurationList = 1885556F2A76BEC5003D3F52 /* Build configuration list for PBXNativeTarget "RandomImage" */;
			buildPhases = (
				188555412A76BEC4003D3F52 /* Sources */,
				188555422A76BEC4003D3F52 /* Frameworks */,
				188555432A76BEC4003D3F52 /* Resources */,
			);
			buildRules = (
			);
			dependencies = (
			);
			name = RandomImage;
			productName = RandomImage;
			productReference = 188555452A76BEC4003D3F52 /* RandomImage.app */;
			productType = "com.apple.product-type.application";
		};
		1885555A2A76BEC5003D3F52 /* RandomImageTests */ = {
			isa = PBXNativeTarget;
			buildConfigurationList = 188555722A76BEC5003D3F52 /* Build configuration list for PBXNativeTarget "RandomImageTests" */;
			buildPhases = (
				188555572A76BEC5003D3F52 /* Sources */,
				188555582A76BEC5003D3F52 /* Frameworks */,
				188555592A76BEC5003D3F52 /* Resources */,
			);
			buildRules = (
			);
			dependencies = (
				1885555D2A76BEC5003D3F52 /* PBXTargetDependency */,
			);
			name = RandomImageTests;
			productName = RandomImageTests;
			productReference = 1885555B2A76BEC5003D3F52 /* RandomImageTests.xctest */;
			productType = "com.apple.product-type.bundle.unit-test";
		};
		188555642A76BEC5003D3F52 /* RandomImageUITests */ = {
			isa = PBXNativeTarget;
			buildConfigurationList = 188555752A76BEC5003D3F52 /* Build configuration list for PBXNativeTarget "RandomImageUITests" */;
			buildPhases = (
				188555612A76BEC5003D3F52 /* Sources */,
				188555622A76BEC5003D3F52 /* Frameworks */,
				188555632A76BEC5003D3F52 /* Resources */,
			);
			buildRules = (
			);
			dependencies = (
				188555672A76BEC5003D3F52 /* PBXTargetDependency */,
			);
			name = RandomImageUITests;
			productName = RandomImageUITests;
			productReference = 188555652A76BEC5003D3F52 /* RandomImageUITests.xctest */;
			productType = "com.apple.product-type.bundle.ui-testing";
		};
/* End PBXNativeTarget section */

/* Begin PBXProject section */
		1885553D2A76BEC3003D3F52 /* Project object */ = {
			isa = PBXProject;
			attributes = {
				BuildIndependentTargetsInParallel = 1;
				LastSwiftUpdateCheck = 1430;
				LastUpgradeCheck = 1430;
				TargetAttributes = {
					188555442A76BEC4003D3F52 = {
						CreatedOnToolsVersion = 14.3.1;
					};
					1885555A2A76BEC5003D3F52 = {
						CreatedOnToolsVersion = 14.3.1;
						TestTargetID = 188555442A76BEC4003D3F52;
					};
					188555642A76BEC5003D3F52 = {
						CreatedOnToolsVersion = 14.3.1;
						TestTargetID = 188555442A76BEC4003D3F52;
					};
				};
			};
			buildConfigurationList = 188555402A76BEC3003D3F52 /* Build configuration list for PBXProject "RandomImage" */;
			compatibilityVersion = "Xcode 14.0";
			developmentRegion = en;
			hasScannedForEncodings = 0;
			knownRegions = (
				en,
				Base,
			);
			mainGroup = 1885553C2A76BEC3003D3F52;
			productRefGroup = 188555462A76BEC4003D3F52 /* Products */;
			projectDirPath = "";
			projectRoot = "";
			targets = (
				188555442A76BEC4003D3F52 /* RandomImage */,
				1885555A2A76BEC5003D3F52 /* RandomImageTests */,
				188555642A76BEC5003D3F52 /* RandomImageUITests */,
			);
		};
/* End PBXProject section */

/* Begin PBXResourcesBuildPhase section */
		188555432A76BEC4003D3F52 /* Resources */ = {
			isa = PBXResourcesBuildPhase;
			buildActionMask = 2147483647;
			files = (
				188555552A76BEC5003D3F52 /* LaunchScreen.storyboard in Resources */,
				188555522A76BEC5003D3F52 /* Assets.xcassets in Resources */,
				188555502A76BEC4003D3F52 /* Main.storyboard in Resources */,
			);
			runOnlyForDeploymentPostprocessing = 0;
		};
		188555592A76BEC5003D3F52 /* Resources */ = {
			isa = PBXResourcesBuildPhase;
			buildActionMask = 2147483647;
			files = (
			);
			runOnlyForDeploymentPostprocessing = 0;
		};
		188555632A76BEC5003D3F52 /* Resources */ = {
			isa = PBXResourcesBuildPhase;
			buildActionMask = 2147483647;
			files = (
			);
			runOnlyForDeploymentPostprocessing = 0;
		};
/* End PBXResourcesBuildPhase section */

/* Begin PBXSourcesBuildPhase section */
		188555412A76BEC4003D3F52 /* Sources */ = {
			isa = PBXSourcesBuildPhase;
			buildActionMask = 2147483647;
			files = (
				1885554D2A76BEC4003D3F52 /* ViewController.swift in Sources */,
				188555492A76BEC4003D3F52 /* AppDelegate.swift in Sources */,
				1885554B2A76BEC4003D3F52 /* SceneDelegate.swift in Sources */,
			);
			runOnlyForDeploymentPostprocessing = 0;
		};
		188555572A76BEC5003D3F52 /* Sources */ = {
			isa = PBXSourcesBuildPhase;
			buildActionMask = 2147483647;
			files = (
				188555602A76BEC5003D3F52 /* RandomImageTests.swift in Sources */,
			);
			runOnlyForDeploymentPostprocessing = 0;
		};
		188555612A76BEC5003D3F52 /* Sources */ = {
			isa = PBXSourcesBuildPhase;
			buildActionMask = 2147483647;
			files = (
				1885556A2A76BEC5003D3F52 /* RandomImageUITests.swift in Sources */,
				1885556C2A76BEC5003D3F52 /* RandomImageUITestsLaunchTests.swift in Sources */,
			);
			runOnlyForDeploymentPostprocessing = 0;
		};
/* End PBXSourcesBuildPhase section */

/* Begin PBXTargetDependency section */
		1885555D2A76BEC5003D3F52 /* PBXTargetDependency */ = {
			isa = PBXTargetDependency;
			target = 188555442A76BEC4003D3F52 /* RandomImage */;
			targetProxy = 1885555C2A76BEC5003D3F52 /* PBXContainerItemProxy */;
		};
		188555672A76BEC5003D3F52 /* PBXTargetDependency */ = {
			isa = PBXTargetDependency;
			target = 188555442A76BEC4003D3F52 /* RandomImage */;
			targetProxy = 188555662A76BEC5003D3F52 /* PBXContainerItemProxy */;
		};
/* End PBXTargetDependency section */

/* Begin PBXVariantGroup section */
		1885554E2A76BEC4003D3F52 /* Main.storyboard */ = {
			isa = PBXVariantGroup;
			children = (
				1885554F2A76BEC4003D3F52 /* Base */,
			);
			name = Main.storyboard;
			sourceTree = "<group>";
		};
		188555532A76BEC5003D3F52 /* LaunchScreen.storyboard */ = {
			isa = PBXVariantGroup;
			children = (
				188555542A76BEC5003D3F52 /* Base */,
			);
			name = LaunchScreen.storyboard;
			sourceTree = "<group>";
		};
/* End PBXVariantGroup section */

/* Begin XCBuildConfiguration section */
		1885556D2A76BEC5003D3F52 /* Debug */ = {
			isa = XCBuildConfiguration;
			buildSettings = {
				ALWAYS_SEARCH_USER_PATHS = NO;
				CLANG_ANALYZER_NONNULL = YES;
				CLANG_ANALYZER_NUMBER_OBJECT_CONVERSION = YES_AGGRESSIVE;
				CLANG_CXX_LANGUAGE_STANDARD = "gnu++20";
				CLANG_ENABLE_MODULES = YES;
				CLANG_ENABLE_OBJC_ARC = YES;
				CLANG_ENABLE_OBJC_WEAK = YES;
				CLANG_WARN_BLOCK_CAPTURE_AUTORELEASING = YES;
				CLANG_WARN_BOOL_CONVERSION = YES;
				CLANG_WARN_COMMA = YES;
				CLANG_WARN_CONSTANT_CONVERSION = YES;
				CLANG_WARN_DEPRECATED_OBJC_IMPLEMENTATIONS = YES;
				CLANG_WARN_DIRECT_OBJC_ISA_USAGE = YES_ERROR;
				CLANG_WARN_DOCUMENTATION_COMMENTS = YES;
				CLANG_WARN_EMPTY_BODY = YES;
				CLANG_WARN_ENUM_CONVERSION = YES;
				CLANG_WARN_INFINITE_RECURSION = YES;
				CLANG_WARN_INT_CONVERSION = YES;
				CLANG_WARN_NON_LITERAL_NULL_CONVERSION = YES;
				CLANG_WARN_OBJC_IMPLICIT_RETAIN_SELF = YES;
				CLANG_WARN_OBJC_LITERAL_CONVERSION = YES;
				CLANG_WARN_OBJC_ROOT_CLASS = YES_ERROR;
				CLANG_WARN_QUOTED_INCLUDE_IN_FRAMEWORK_HEADER = YES;
				CLANG_WARN_RANGE_LOOP_ANALYSIS = YES;
				CLANG_WARN_STRICT_PROTOTYPES = YES;
				CLANG_WARN_SUSPICIOUS_MOVE = YES;
				CLANG_WARN_UNGUARDED_AVAILABILITY = YES_AGGRESSIVE;
				CLANG_WARN_UNREACHABLE_CODE = YES;
				CLANG_WARN__DUPLICATE_METHOD_MATCH = YES;
				COPY_PHASE_STRIP = NO;
				DEBUG_INFORMATION_FORMAT = dwarf;
				ENABLE_STRICT_OBJC_MSGSEND = YES;
				ENABLE_TESTABILITY = YES;
				GCC_C_LANGUAGE_STANDARD = gnu11;
				GCC_DYNAMIC_NO_PIC = NO;
				GCC_NO_COMMON_BLOCKS = YES;
				GCC_OPTIMIZATION_LEVEL = 0;
				GCC_PREPROCESSOR_DEFINITIONS = (
					"DEBUG=1",
					"$(inherited)",
				);
				GCC_WARN_64_TO_32_BIT_CONVERSION = YES;
				GCC_WARN_ABOUT_RETURN_TYPE = YES_ERROR;
				GCC_WARN_UNDECLARED_SELECTOR = YES;
				GCC_WARN_UNINITIALIZED_AUTOS = YES_AGGRESSIVE;
				GCC_WARN_UNUSED_FUNCTION = YES;
				GCC_WARN_UNUSED_VARIABLE = YES;
				IPHONEOS_DEPLOYMENT_TARGET = 16.4;
				MTL_ENABLE_DEBUG_INFO = INCLUDE_SOURCE;
				MTL_FAST_MATH = YES;
				ONLY_ACTIVE_ARCH = YES;
				SDKROOT = iphoneos;
				SWIFT_ACTIVE_COMPILATION_CONDITIONS = DEBUG;
				SWIFT_OPTIMIZATION_LEVEL = "-Onone";
			};
			name = Debug;
		};
		1885556E2A76BEC5003D3F52 /* Release */ = {
			isa = XCBuildConfiguration;
			buildSettings = {
				ALWAYS_SEARCH_USER_PATHS = NO;
				CLANG_ANALYZER_NONNULL = YES;
				CLANG_ANALYZER_NUMBER_OBJECT_CONVERSION = YES_AGGRESSIVE;
				CLANG_CXX_LANGUAGE_STANDARD = "gnu++20";
				CLANG_ENABLE_MODULES = YES;
				CLANG_ENABLE_OBJC_ARC = YES;
				CLANG_ENABLE_OBJC_WEAK = YES;
				CLANG_WARN_BLOCK_CAPTURE_AUTORELEASING = YES;
				CLANG_WARN_BOOL_CONVERSION = YES;
				CLANG_WARN_COMMA = YES;
				CLANG_WARN_CONSTANT_CONVERSION = YES;
				CLANG_WARN_DEPRECATED_OBJC_IMPLEMENTATIONS = YES;
				CLANG_WARN_DIRECT_OBJC_ISA_USAGE = YES_ERROR;
				CLANG_WARN_DOCUMENTATION_COMMENTS = YES;
				CLANG_WARN_EMPTY_BODY = YES;
				CLANG_WARN_ENUM_CONVERSION = YES;
				CLANG_WARN_INFINITE_RECURSION = YES;
				CLANG_WARN_INT_CONVERSION = YES;
				CLANG_WARN_NON_LITERAL_NULL_CONVERSION = YES;
				CLANG_WARN_OBJC_IMPLICIT_RETAIN_SELF = YES;
				CLANG_WARN_OBJC_LITERAL_CONVERSION = YES;
				CLANG_WARN_OBJC_ROOT_CLASS = YES_ERROR;
				CLANG_WARN_QUOTED_INCLUDE_IN_FRAMEWORK_HEADER = YES;
				CLANG_WARN_RANGE_LOOP_ANALYSIS = YES;
				CLANG_WARN_STRICT_PROTOTYPES = YES;
				CLANG_WARN_SUSPICIOUS_MOVE = YES;
				CLANG_WARN_UNGUARDED_AVAILABILITY = YES_AGGRESSIVE;
				CLANG_WARN_UNREACHABLE_CODE = YES;
				CLANG_WARN__DUPLICATE_METHOD_MATCH = YES;
				COPY_PHASE_STRIP = NO;
				DEBUG_INFORMATION_FORMAT = "dwarf-with-dsym";
				ENABLE_NS_ASSERTIONS = NO;
				ENABLE_STRICT_OBJC_MSGSEND = YES;
				GCC_C_LANGUAGE_STANDARD = gnu11;
				GCC_NO_COMMON_BLOCKS = YES;
				GCC_WARN_64_TO_32_BIT_CONVERSION = YES;
				GCC_WARN_ABOUT_RETURN_TYPE = YES_ERROR;
				GCC_WARN_UNDECLARED_SELECTOR = YES;
				GCC_WARN_UNINITIALIZED_AUTOS = YES_AGGRESSIVE;
				GCC_WARN_UNUSED_FUNCTION = YES;
				GCC_WARN_UNUSED_VARIABLE = YES;
				IPHONEOS_DEPLOYMENT_TARGET = 16.4;
				MTL_ENABLE_DEBUG_INFO = NO;
				MTL_FAST_MATH = YES;
				SDKROOT = iphoneos;
				SWIFT_COMPILATION_MODE = wholemodule;
				SWIFT_OPTIMIZATION_LEVEL = "-O";
				VALIDATE_PRODUCT = YES;
			};
			name = Release;
		};
		188555702A76BEC5003D3F52 /* Debug */ = {
			isa = XCBuildConfiguration;
			buildSettings = {
				ASSETCATALOG_COMPILER_APPICON_NAME = AppIcon;
				ASSETCATALOG_COMPILER_GLOBAL_ACCENT_COLOR_NAME = AccentColor;
				CODE_SIGN_STYLE = Automatic;
				CURRENT_PROJECT_VERSION = 1;
				GENERATE_INFOPLIST_FILE = YES;
				INFOPLIST_FILE = RandomImage/Info.plist;
				INFOPLIST_KEY_UIApplicationSupportsIndirectInputEvents = YES;
				INFOPLIST_KEY_UILaunchStoryboardName = LaunchScreen;
				INFOPLIST_KEY_UIMainStoryboardFile = Main;
				INFOPLIST_KEY_UISupportedInterfaceOrientations_iPad = "UIInterfaceOrientationPortrait UIInterfaceOrientationPortraitUpsideDown UIInterfaceOrientationLandscapeLeft UIInterfaceOrientationLandscapeRight";
				INFOPLIST_KEY_UISupportedInterfaceOrientations_iPhone = "UIInterfaceOrientationPortrait UIInterfaceOrientationLandscapeLeft UIInterfaceOrientationLandscapeRight";
				LD_RUNPATH_SEARCH_PATHS = (
					"$(inherited)",
					"@executable_path/Frameworks",
				);
				MARKETING_VERSION = 1.0;
				PRODUCT_BUNDLE_IDENTIFIER = umarelit.RandomImage;
				PRODUCT_NAME = "$(TARGET_NAME)";
				SWIFT_EMIT_LOC_STRINGS = YES;
				SWIFT_VERSION = 5.0;
				TARGETED_DEVICE_FAMILY = "1,2";
			};
			name = Debug;
		};
		188555712A76BEC5003D3F52 /* Release */ = {
			isa = XCBuildConfiguration;
			buildSettings = {
				ASSETCATALOG_COMPILER_APPICON_NAME = AppIcon;
				ASSETCATALOG_COMPILER_GLOBAL_ACCENT_COLOR_NAME = AccentColor;
				CODE_SIGN_STYLE = Automatic;
				CURRENT_PROJECT_VERSION = 1;
				GENERATE_INFOPLIST_FILE = YES;
				INFOPLIST_FILE = RandomImage/Info.plist;
				INFOPLIST_KEY_UIApplicationSupportsIndirectInputEvents = YES;
				INFOPLIST_KEY_UILaunchStoryboardName = LaunchScreen;
				INFOPLIST_KEY_UIMainStoryboardFile = Main;
				INFOPLIST_KEY_UISupportedInterfaceOrientations_iPad = "UIInterfaceOrientationPortrait UIInterfaceOrientationPortraitUpsideDown UIInterfaceOrientationLandscapeLeft UIInterfaceOrientationLandscapeRight";
				INFOPLIST_KEY_UISupportedInterfaceOrientations_iPhone = "UIInterfaceOrientationPortrait UIInterfaceOrientationLandscapeLeft UIInterfaceOrientationLandscapeRight";
				LD_RUNPATH_SEARCH_PATHS = (
					"$(inherited)",
					"@executable_path/Frameworks",
				);
				MARKETING_VERSION = 1.0;
				PRODUCT_BUNDLE_IDENTIFIER = umarelit.RandomImage;
				PRODUCT_NAME = "$(TARGET_NAME)";
				SWIFT_EMIT_LOC_STRINGS = YES;
				SWIFT_VERSION = 5.0;
				TARGETED_DEVICE_FAMILY = "1,2";
			};
			name = Release;
		};
		188555732A76BEC5003D3F52 /* Debug */ = {
			isa = XCBuildConfiguration;
			buildSettings = {
				ALWAYS_EMBED_SWIFT_STANDARD_LIBRARIES = YES;
				BUNDLE_LOADER = "$(TEST_HOST)";
				CODE_SIGN_STYLE = Automatic;
				CURRENT_PROJECT_VERSION = 1;
				GENERATE_INFOPLIST_FILE = YES;
				IPHONEOS_DEPLOYMENT_TARGET = 16.4;
				MARKETING_VERSION = 1.0;
				PRODUCT_BUNDLE_IDENTIFIER = umarelit.RandomImageTests;
				PRODUCT_NAME = "$(TARGET_NAME)";
				SWIFT_EMIT_LOC_STRINGS = NO;
				SWIFT_VERSION = 5.0;
				TARGETED_DEVICE_FAMILY = "1,2";
				TEST_HOST = "$(BUILT_PRODUCTS_DIR)/RandomImage.app/$(BUNDLE_EXECUTABLE_FOLDER_PATH)/RandomImage";
			};
			name = Debug;
		};
		188555742A76BEC5003D3F52 /* Release */ = {
			isa = XCBuildConfiguration;
			buildSettings = {
				ALWAYS_EMBED_SWIFT_STANDARD_LIBRARIES = YES;
				BUNDLE_LOADER = "$(TEST_HOST)";
				CODE_SIGN_STYLE = Automatic;
				CURRENT_PROJECT_VERSION = 1;
				GENERATE_INFOPLIST_FILE = YES;
				IPHONEOS_DEPLOYMENT_TARGET = 16.4;
				MARKETING_VERSION = 1.0;
				PRODUCT_BUNDLE_IDENTIFIER = umarelit.RandomImageTests;
				PRODUCT_NAME = "$(TARGET_NAME)";
				SWIFT_EMIT_LOC_STRINGS = NO;
				SWIFT_VERSION = 5.0;
				TARGETED_DEVICE_FAMILY = "1,2";
				TEST_HOST = "$(BUILT_PRODUCTS_DIR)/RandomImage.app/$(BUNDLE_EXECUTABLE_FOLDER_PATH)/RandomImage";
			};
			name = Release;
		};
		188555762A76BEC5003D3F52 /* Debug */ = {
			isa = XCBuildConfiguration;
			buildSettings = {
				ALWAYS_EMBED_SWIFT_STANDARD_LIBRARIES = YES;
				CODE_SIGN_STYLE = Automatic;
				CURRENT_PROJECT_VERSION = 1;
				GENERATE_INFOPLIST_FILE = YES;
				MARKETING_VERSION = 1.0;
				PRODUCT_BUNDLE_IDENTIFIER = umarelit.RandomImageUITests;
				PRODUCT_NAME = "$(TARGET_NAME)";
				SWIFT_EMIT_LOC_STRINGS = NO;
				SWIFT_VERSION = 5.0;
				TARGETED_DEVICE_FAMILY = "1,2";
				TEST_TARGET_NAME = RandomImage;
			};
			name = Debug;
		};
		188555772A76BEC5003D3F52 /* Release */ = {
			isa = XCBuildConfiguration;
			buildSettings = {
				ALWAYS_EMBED_SWIFT_STANDARD_LIBRARIES = YES;
				CODE_SIGN_STYLE = Automatic;
				CURRENT_PROJECT_VERSION = 1;
				GENERATE_INFOPLIST_FILE = YES;
				MARKETING_VERSION = 1.0;
				PRODUCT_BUNDLE_IDENTIFIER = umarelit.RandomImageUITests;
				PRODUCT_NAME = "$(TARGET_NAME)";
				SWIFT_EMIT_LOC_STRINGS = NO;
				SWIFT_VERSION = 5.0;
				TARGETED_DEVICE_FAMILY = "1,2";
				TEST_TARGET_NAME = RandomImage;
			};
			name = Release;
		};
/* End XCBuildConfiguration section */

/* Begin XCConfigurationList section */
		188555402A76BEC3003D3F52 /* Build configuration list for PBXProject "RandomImage" */ = {
			isa = XCConfigurationList;
			buildConfigurations = (
				1885556D2A76BEC5003D3F52 /* Debug */,
				1885556E2A76BEC5003D3F52 /* Release */,
			);
			defaultConfigurationIsVisible = 0;
			defaultConfigurationName = Release;
		};
		1885556F2A76BEC5003D3F52 /* Build configuration list for PBXNativeTarget "RandomImage" */ = {
			isa = XCConfigurationList;
			buildConfigurations = (
				188555702A76BEC5003D3F52 /* Debug */,
				188555712A76BEC5003D3F52 /* Release */,
			);
			defaultConfigurationIsVisible = 0;
			defaultConfigurationName = Release;
		};
		188555722A76BEC5003D3F52 /* Build configuration list for PBXNativeTarget "RandomImageTests" */ = {
			isa = XCConfigurationList;
			buildConfigurations = (
				188555732A76BEC5003D3F52 /* Debug */,
				188555742A76BEC5003D3F52 /* Release */,
			);
			defaultConfigurationIsVisible = 0;
			defaultConfigurationName = Release;
		};
		188555752A76BEC5003D3F52 /* Build configuration list for PBXNativeTarget "RandomImageUITests" */ = {
			isa = XCConfigurationList;
			buildConfigurations = (
				188555762A76BEC5003D3F52 /* Debug */,
				188555772A76BEC5003D3F52 /* Release */,
			);
			defaultConfigurationIsVisible = 0;
			defaultConfigurationName = Release;
		};
/* End XCConfigurationList section */
	};
	rootObject = 1885553D2A76BEC3003D3F52 /* Project object */;
}
